# This file is autogenerated, do not edit; changes may be undone by the next 'dep ensure'.


[[projects]]
  name = "github.com/botopolis/bot"
  packages = ["."]
  revision = "efb358abb4e58452f303dacdab04768982c1dc7b"
  version = "v0.2.0"

[[projects]]
  name = "github.com/davecgh/go-spew"
  packages = ["spew"]
  revision = "346938d642f2ec3594ed81d874461961cd0faa76"
  version = "v1.1.0"

[[projects]]
  name = "github.com/gorilla/context"
  packages = ["."]
  revision = "1ea25387ff6f684839d82767c1733ff4d4d15d0a"
  version = "v1.1"

[[projects]]
  name = "github.com/gorilla/mux"
  packages = ["."]
  revision = "53c1911da2b537f792e7cafcb446b05ffe33b996"
  version = "v1.6.1"

[[projects]]
  name = "github.com/nlopes/slack"
  packages = ["."]
  revision = "d86785d50d4be9c2e11cfbb0ed601f5dcb22899c"

[[projects]]
  name = "github.com/op/go-logging"
  packages = ["."]
  revision = "b2cb9fa56473e98db8caba80237377e83fe44db5"
  version = "v1"

[[projects]]
  name = "github.com/pmezard/go-difflib"
  packages = ["difflib"]
  revision = "792786c7400a136282c1664665ae0a8db921c6c2"
  version = "v1.0.0"

[[projects]]
  name = "github.com/stretchr/testify"
  packages = ["assert"]
  revision = "b91bfb9ebec76498946beb6af7c0230c7cc7ba6c"
  version = "v1.2.0"

[[projects]]
  branch = "master"
  name = "golang.org/x/net"
  packages = ["websocket"]
  revision = "0ed95abb35c445290478a5348a7b38bb154135fd"

[solve-meta]
  analyzer-name = "dep"
  analyzer-version = 1
  inputs-digest = "3dac3c2151027e27ed8440977447e6e8d1029977c5f1c08ced3e8cdf2f2c7402"
  solver-name = "gps-cdcl"
  solver-version = 1
